{
  "version": 4,
  "terraform_version": "1.14.7",
  "serial": 4,
  "lineage": "f3d1425d-3bec-f287-1418-b009b88bcede",
  "outputs": {},
  "resources": [
    {
      "mode": "managed",
      "type": "local_file",
      "name": "hello_file",
      "provider": "provider[\"registry.terraform.io/hashicorp/local\"]",
      "instances": [
        {
          "schema_version": 0,
          "attributes": {
            "content": "Hello from VNIT Terraform Lab",
            "content_base64": null,
            "content_base64sha256": "GIJNvvI1/9RVWm5MbZBOCLkg/B6rzMjoacirM7oAep0=",
            "content_base64sha512": "yhODFbHG9HpRKfRmq229j0CcNRmP3x5hC8LV7I07YtIIE2kSJj2P5yOYPZRjapi6ni/wdmeA8WBIPpevyj6WfA==",
            "content_md5": "8737934ebeb355af7da1f3490eb41af3",
            "content_sha1": "48877b8eb7b492c8758510d4955fec4ae77c91ea",
            "content_sha256": "18824dbef235ffd4555a6e4c6d904e08b920fc1eabccc8e869c8ab33ba007a9d",
            "content_sha512": "ca138315b1c6f47a5129f466ab6dbd8f409c35198fdf1e610bc2d5ec8d3b62d208136912263d8fe723983d94636a98ba9e2ff0766780f160483e97afca3e967c",
            "directory_permission": "0777",
            "file_permission": "0777",
            "filename": "hello.txt",
            "id": "48877b8eb7b492c8758510d4955fec4ae77c91ea",
            "sensitive_content": null,
            "source": null
          },
          "sensitive_attributes": [
            [
              {
                "type": "get_attr",
                "value": "sensitive_content"
              }
            ]
          ],
          "identity_schema_version": 0
        }
      ]
    }
  ],
  "check_results": null
}
